<?xml version="1.0" encoding="utf-8"?>
<Project ToolsVersion="4.0" xmlns="http://schemas.microsoft.com/developer/msbuild/2003">
  <ItemGroup>
    <Filter Include="Source Files">
      <UniqueIdentifier>{4868cbe4-7467-4a47-b0ff-a361e85c9188}</UniqueIdentifier>
    </Filter>
    <Filter Include="Header Files">
      <UniqueIdentifier>{014fc30d-f552-47c9-9ec5-3f28d0b76cfe}</UniqueIdentifier>
    </Filter>
  </ItemGroup>
  <ItemGroup>
    <ClCompile Include="RewritePE.cpp">
      <Filter>Source Files</Filter>
    </ClCompile>
    <ClCompile Include="RewriteBlock.cpp">
      <Filter>Source Files</Filter>
    </ClCompile>
  </ItemGroup>
  <ItemGroup>
    <ClInclude Include="PeLibInclude.h">
      <Filter>Header Files</Filter>
    </ClInclude>
    <ClInclude Include="RewriteBlock.h">
      <Filter>Header Files</Filter>
    </ClInclude>
    <ClInclude Include="VectorUtils.h">
      <Filter>Header Files</Filter>
    </ClInclude>
  </ItemGroup>
</Project>